PODS:
  - FFText (0.1.0)
  - Masonry (1.1.0)

DEPENDENCIES:
  - FFText (from `../`)
  - Masonry

SPEC REPOS:
  trunk:
    - Masonry

EXTERNAL SOURCES:
  FFText:
    :path: "../"

SPEC CHECKSUMS:
  FFText: 8f5ee19738b77dd6d988e278175e45e40b91949a
  Masonry: 678fab65091a9290e40e2832a55e7ab731aad201

PODFILE CHECKSUM: dd1b977af2d24ed372d117986bd2c0506822d37a

COCOAPODS: 1.10.1
